
Microsoft Visual Studio Solution File, Format Version 12.00
# Visual Studio Version 17
VisualStudioVersion = 17.14.37111.16 d17.14
MinimumVisualStudioVersion = 10.0.40219.1
Project("{54A90642-561A-4BB1-A94E-469ADEE60C69}") = "FirstJSProj", "FirstJSProj\FirstJSProj.esproj", "{54F53126-541F-B2A5-5E4F-42729519F6B3}"
EndProject
Global
	GlobalSection(SolutionConfigurationPlatforms) = preSolution
		Debug|Any CPU = Debug|Any CPU
		Release|Any CPU = Release|Any CPU
	EndGlobalSection
	GlobalSection(ProjectConfigurationPlatforms) = postSolution
		{54F53126-541F-B2A5-5E4F-42729519F6B3}.Debug|Any CPU.ActiveCfg = Debug|Any CPU
		{54F53126-541F-B2A5-5E4F-42729519F6B3}.Debug|Any CPU.Build.0 = Debug|Any CPU
		{54F53126-541F-B2A5-5E4F-42729519F6B3}.Debug|Any CPU.Deploy.0 = Debug|Any CPU
		{54F53126-541F-B2A5-5E4F-42729519F6B3}.Release|Any CPU.ActiveCfg = Release|Any CPU
		{54F53126-541F-B2A5-5E4F-42729519F6B3}.Release|Any CPU.Build.0 = Release|Any CPU
		{54F53126-541F-B2A5-5E4F-42729519F6B3}.Release|Any CPU.Deploy.0 = Release|Any CPU
	EndGlobalSection
	GlobalSection(SolutionProperties) = preSolution
		HideSolutionNode = FALSE
	EndGlobalSection
	GlobalSection(ExtensibilityGlobals) = postSolution
		SolutionGuid = {4B544169-0189-4385-A721-D14925B98AEA}
	EndGlobalSection
EndGlobal
